
Microsoft Visual Studio Solution File, Format Version 12.00
# Visual Studio Version 16
VisualStudioVersion = 16.0.31515.178
MinimumVisualStudioVersion = 10.0.40219.1
Project("{FAE04EC0-301F-11D3-BF4B-00C04F79EFBC}") = "UniBarber", "UniBarber\UniBarber.csproj", "{76183B56-A598-40D2-843D-F5A44D3A1866}"
EndProject
Global
	GlobalSection(SolutionConfigurationPlatforms) = preSolution
		Debug|Any CPU = Debug|Any CPU
		Release|Any CPU = Release|Any CPU
	EndGlobalSection
	GlobalSection(ProjectConfigurationPlatforms) = postSolution
		{76183B56-A598-40D2-843D-F5A44D3A1866}.Debug|Any CPU.ActiveCfg = Debug|Any CPU
		{76183B56-A598-40D2-843D-F5A44D3A1866}.Debug|Any CPU.Build.0 = Debug|Any CPU
		{76183B56-A598-40D2-843D-F5A44D3A1866}.Release|Any CPU.ActiveCfg = Release|Any CPU
		{76183B56-A598-40D2-843D-F5A44D3A1866}.Release|Any CPU.Build.0 = Release|Any CPU
	EndGlobalSection
	GlobalSection(SolutionProperties) = preSolution
		HideSolutionNode = FALSE
	EndGlobalSection
	GlobalSection(ExtensibilityGlobals) = postSolution
		SolutionGuid = {5A6CCA42-9F99-4151-98F5-86A2D2CB1C8F}
	EndGlobalSection
EndGlobal
